
Microsoft Visual Studio Solution File, Format Version 12.00
# Visual Studio 15
VisualStudioVersion = 15.0.27004.2009
MinimumVisualStudioVersion = 10.0.40219.1
Project("{9A19103F-16F7-4668-BE54-9A1E7A4F7556}") = "LiqPay", "LiqPay\LiqPay.csproj", "{672797B0-6FAE-4A0A-9C1C-B9A6D65CAEF8}"
EndProject
Project("{9A19103F-16F7-4668-BE54-9A1E7A4F7556}") = "LiqPay.Tests", "LiqPay.Tests\LiqPay.Tests.csproj", "{697453AD-66DF-45C3-82EB-8514D091E1D6}"
EndProject
Global
	GlobalSection(SolutionConfigurationPlatforms) = preSolution
		Debug|Any CPU = Debug|Any CPU
		Release|Any CPU = Release|Any CPU
	EndGlobalSection
	GlobalSection(ProjectConfigurationPlatforms) = postSolution
		{672797B0-6FAE-4A0A-9C1C-B9A6D65CAEF8}.Debug|Any CPU.ActiveCfg = Debug|Any CPU
		{672797B0-6FAE-4A0A-9C1C-B9A6D65CAEF8}.Debug|Any CPU.Build.0 = Debug|Any CPU
		{672797B0-6FAE-4A0A-9C1C-B9A6D65CAEF8}.Release|Any CPU.ActiveCfg = Release|Any CPU
		{672797B0-6FAE-4A0A-9C1C-B9A6D65CAEF8}.Release|Any CPU.Build.0 = Release|Any CPU
		{697453AD-66DF-45C3-82EB-8514D091E1D6}.Debug|Any CPU.ActiveCfg = Debug|Any CPU
		{697453AD-66DF-45C3-82EB-8514D091E1D6}.Debug|Any CPU.Build.0 = Debug|Any CPU
		{697453AD-66DF-45C3-82EB-8514D091E1D6}.Release|Any CPU.ActiveCfg = Release|Any CPU
		{697453AD-66DF-45C3-82EB-8514D091E1D6}.Release|Any CPU.Build.0 = Release|Any CPU
	EndGlobalSection
	GlobalSection(SolutionProperties) = preSolution
		HideSolutionNode = FALSE
	EndGlobalSection
	GlobalSection(ExtensibilityGlobals) = postSolution
		SolutionGuid = {31B90F29-8C3F-4604-B546-6B2C328CFB79}
	EndGlobalSection
EndGlobal
